{
  "name": "@castalia/filesystem",
  "version": "0.1.0",
  "lockfileVersion": 3,
  "requires": true,
  "packages": {
    "": {
      "name": "@castalia/filesystem",
      "version": "0.1.0",
      "license": "AGPL-3.0-or-later",
      "dependencies": {
        "@zip.js/zip.js": "2.18.2"
      },
      "devDependencies": {
        "fake-indexeddb": "6.2.5"
      },
      "engines": {
        "node": "24.18.0"
      }
    },
    "node_modules/@zip.js/zip.js": {
      "version": "2.18.2",
      "resolved": "https://registry.npmjs.org/@zip.js/zip.js/-/zip.js-2.18.2.tgz",
      "integrity": "sha512-J1jwg0Kv5Aab50VlVZ6hp2rzGL/J0YLjBnkF6oJoIjmpxx9+tHgjRELGKryKnDZEcGXKjv7ibwxAziFiWHdR2A==",
      "license": "BSD-3-Clause",
      "engines": {
        "bun": ">=0.7.0",
        "deno": ">=1.0.0",
        "node": ">=18.0.0"
      }
    },
    "node_modules/fake-indexeddb": {
      "version": "6.2.5",
      "resolved": "https://registry.npmjs.org/fake-indexeddb/-/fake-indexeddb-6.2.5.tgz",
      "integrity": "sha512-CGnyrvbhPlWYMngksqrSSUT1BAVP49dZocrHuK0SvtR0D5TMs5wP0o3j7jexDJW01KSadjBp1M/71o/KR3nD1w==",
      "dev": true,
      "license": "Apache-2.0",
      "engines": {
        "node": ">=18"
      }
    }
  }
}
